
Microsoft Visual Studio Solution File, Format Version 12.00
# Visual Studio Version 17
VisualStudioVersion = 17.4.33122.133
MinimumVisualStudioVersion = 10.0.40219.1
Project("{FAE04EC0-301F-11D3-BF4B-00C04F79EFBC}") = "GoooodProject", "GoooodProject\GoooodProject.csproj", "{32BFF4F6-3904-4AB9-9D75-A61DC1A15817}"
EndProject
Global
	GlobalSection(SolutionConfigurationPlatforms) = preSolution
		Debug|Any CPU = Debug|Any CPU
		Release|Any CPU = Release|Any CPU
	EndGlobalSection
	GlobalSection(ProjectConfigurationPlatforms) = postSolution
		{32BFF4F6-3904-4AB9-9D75-A61DC1A15817}.Debug|Any CPU.ActiveCfg = Debug|Any CPU
		{32BFF4F6-3904-4AB9-9D75-A61DC1A15817}.Debug|Any CPU.Build.0 = Debug|Any CPU
		{32BFF4F6-3904-4AB9-9D75-A61DC1A15817}.Release|Any CPU.ActiveCfg = Release|Any CPU
		{32BFF4F6-3904-4AB9-9D75-A61DC1A15817}.Release|Any CPU.Build.0 = Release|Any CPU
	EndGlobalSection
	GlobalSection(SolutionProperties) = preSolution
		HideSolutionNode = FALSE
	EndGlobalSection
	GlobalSection(ExtensibilityGlobals) = postSolution
		SolutionGuid = {1F4362B2-F95D-4E80-B606-41A41D67A318}
	EndGlobalSection
EndGlobal
